
Microsoft Visual Studio Solution File, Format Version 12.00
# Visual Studio Version 17
VisualStudioVersion = 17.0.32112.339
MinimumVisualStudioVersion = 10.0.40219.1
Project("{F184B08F-C81C-45F6-A57F-5ABD9991F28F}") = "Video_144", "Video_144\Video_144.vbproj", "{FD528256-A8B3-4F27-94C8-7075F5DAD1C3}"
EndProject
Global
	GlobalSection(SolutionConfigurationPlatforms) = preSolution
		Debug|Any CPU = Debug|Any CPU
		Release|Any CPU = Release|Any CPU
	EndGlobalSection
	GlobalSection(ProjectConfigurationPlatforms) = postSolution
		{FD528256-A8B3-4F27-94C8-7075F5DAD1C3}.Debug|Any CPU.ActiveCfg = Debug|Any CPU
		{FD528256-A8B3-4F27-94C8-7075F5DAD1C3}.Debug|Any CPU.Build.0 = Debug|Any CPU
		{FD528256-A8B3-4F27-94C8-7075F5DAD1C3}.Release|Any CPU.ActiveCfg = Release|Any CPU
		{FD528256-A8B3-4F27-94C8-7075F5DAD1C3}.Release|Any CPU.Build.0 = Release|Any CPU
	EndGlobalSection
	GlobalSection(SolutionProperties) = preSolution
		HideSolutionNode = FALSE
	EndGlobalSection
	GlobalSection(ExtensibilityGlobals) = postSolution
		SolutionGuid = {DE667767-C7ED-44C1-9BA0-53C295077B8D}
	EndGlobalSection
EndGlobal
